
Microsoft Visual Studio Solution File, Format Version 12.00
# Visual Studio 15
Project("{FAE04EC0-301F-11D3-BF4B-00C04F79EFBC}") = "Klak.Wiring", "Klak.Wiring.csproj", "{7ED7B530-0EB2-5F92-1810-89DD3972CB95}"
EndProject
Project("{FAE04EC0-301F-11D3-BF4B-00C04F79EFBC}") = "Assembly-CSharp", "Assembly-CSharp.csproj", "{542A641E-B3DC-CC2F-1E80-D43609137ACC}"
EndProject
Project("{FAE04EC0-301F-11D3-BF4B-00C04F79EFBC}") = "Klak.Motion", "Klak.Motion.csproj", "{A40DEBE4-29FF-7169-A2F2-B47A8F1DDCA4}"
EndProject
Project("{FAE04EC0-301F-11D3-BF4B-00C04F79EFBC}") = "Klak.Math", "Klak.Math.csproj", "{6CD04F04-E8EF-6A77-44A1-22BA4DE30348}"
EndProject
Project("{FAE04EC0-301F-11D3-BF4B-00C04F79EFBC}") = "Assembly-CSharp-firstpass", "Assembly-CSharp-firstpass.csproj", "{F4E2FB61-ABC9-7CC1-100E-6130AB4F9AD1}"
EndProject
Project("{FAE04EC0-301F-11D3-BF4B-00C04F79EFBC}") = "Klak.Extensions", "Klak.Extensions.csproj", "{7D04C707-E049-6CF7-8992-2749B13576F2}"
EndProject
Project("{FAE04EC0-301F-11D3-BF4B-00C04F79EFBC}") = "Assembly-CSharp-Editor", "Assembly-CSharp-Editor.csproj", "{17F503A4-2E46-AEB5-B7E3-11AA64CD813D}"
EndProject
Project("{FAE04EC0-301F-11D3-BF4B-00C04F79EFBC}") = "Klak.Wiring.Editor", "Klak.Wiring.Editor.csproj", "{D590309D-7503-63CD-0D20-1CBD7F8B5D67}"
EndProject
Project("{FAE04EC0-301F-11D3-BF4B-00C04F79EFBC}") = "Klak.Motion.Editor", "Klak.Motion.Editor.csproj", "{9D353FEE-42A7-1C18-C4D1-7B7730A5C41B}"
EndProject
Project("{FAE04EC0-301F-11D3-BF4B-00C04F79EFBC}") = "Klak.Math.Editor", "Klak.Math.Editor.csproj", "{BD3C9452-8860-EA5B-5E7A-FEE7BD1B7330}"
EndProject
Global
	GlobalSection(SolutionConfigurationPlatforms) = preSolution
		Debug|Any CPU = Debug|Any CPU
		Release|Any CPU = Release|Any CPU
	EndGlobalSection
	GlobalSection(ProjectConfigurationPlatforms) = postSolution
		{7ED7B530-0EB2-5F92-1810-89DD3972CB95}.Debug|Any CPU.ActiveCfg = Debug|Any CPU
		{7ED7B530-0EB2-5F92-1810-89DD3972CB95}.Debug|Any CPU.Build.0 = Debug|Any CPU
		{7ED7B530-0EB2-5F92-1810-89DD3972CB95}.Release|Any CPU.ActiveCfg = Release|Any CPU
		{7ED7B530-0EB2-5F92-1810-89DD3972CB95}.Release|Any CPU.Build.0 = Release|Any CPU
		{542A641E-B3DC-CC2F-1E80-D43609137ACC}.Debug|Any CPU.ActiveCfg = Debug|Any CPU
		{542A641E-B3DC-CC2F-1E80-D43609137ACC}.Debug|Any CPU.Build.0 = Debug|Any CPU
		{542A641E-B3DC-CC2F-1E80-D43609137ACC}.Release|Any CPU.ActiveCfg = Release|Any CPU
		{542A641E-B3DC-CC2F-1E80-D43609137ACC}.Release|Any CPU.Build.0 = Release|Any CPU
		{A40DEBE4-29FF-7169-A2F2-B47A8F1DDCA4}.Debug|Any CPU.ActiveCfg = Debug|Any CPU
		{A40DEBE4-29FF-7169-A2F2-B47A8F1DDCA4}.Debug|Any CPU.Build.0 = Debug|Any CPU
		{A40DEBE4-29FF-7169-A2F2-B47A8F1DDCA4}.Release|Any CPU.ActiveCfg = Release|Any CPU
		{A40DEBE4-29FF-7169-A2F2-B47A8F1DDCA4}.Release|Any CPU.Build.0 = Release|Any CPU
		{6CD04F04-E8EF-6A77-44A1-22BA4DE30348}.Debug|Any CPU.ActiveCfg = Debug|Any CPU
		{6CD04F04-E8EF-6A77-44A1-22BA4DE30348}.Debug|Any CPU.Build.0 = Debug|Any CPU
		{6CD04F04-E8EF-6A77-44A1-22BA4DE30348}.Release|Any CPU.ActiveCfg = Release|Any CPU
		{6CD04F04-E8EF-6A77-44A1-22BA4DE30348}.Release|Any CPU.Build.0 = Release|Any CPU
		{F4E2FB61-ABC9-7CC1-100E-6130AB4F9AD1}.Debug|Any CPU.ActiveCfg = Debug|Any CPU
		{F4E2FB61-ABC9-7CC1-100E-6130AB4F9AD1}.Debug|Any CPU.Build.0 = Debug|Any CPU
		{F4E2FB61-ABC9-7CC1-100E-6130AB4F9AD1}.Release|Any CPU.ActiveCfg = Release|Any CPU
		{F4E2FB61-ABC9-7CC1-100E-6130AB4F9AD1}.Release|Any CPU.Build.0 = Release|Any CPU
		{7D04C707-E049-6CF7-8992-2749B13576F2}.Debug|Any CPU.ActiveCfg = Debug|Any CPU
		{7D04C707-E049-6CF7-8992-2749B13576F2}.Debug|Any CPU.Build.0 = Debug|Any CPU
		{7D04C707-E049-6CF7-8992-2749B13576F2}.Release|Any CPU.ActiveCfg = Release|Any CPU
		{7D04C707-E049-6CF7-8992-2749B13576F2}.Release|Any CPU.Build.0 = Release|Any CPU
		{17F503A4-2E46-AEB5-B7E3-11AA64CD813D}.Debug|Any CPU.ActiveCfg = Debug|Any CPU
		{17F503A4-2E46-AEB5-B7E3-11AA64CD813D}.Debug|Any CPU.Build.0 = Debug|Any CPU
		{17F503A4-2E46-AEB5-B7E3-11AA64CD813D}.Release|Any CPU.ActiveCfg = Release|Any CPU
		{17F503A4-2E46-AEB5-B7E3-11AA64CD813D}.Release|Any CPU.Build.0 = Release|Any CPU
		{D590309D-7503-63CD-0D20-1CBD7F8B5D67}.Debug|Any CPU.ActiveCfg = Debug|Any CPU
		{D590309D-7503-63CD-0D20-1CBD7F8B5D67}.Debug|Any CPU.Build.0 = Debug|Any CPU
		{D590309D-7503-63CD-0D20-1CBD7F8B5D67}.Release|Any CPU.ActiveCfg = Release|Any CPU
		{D590309D-7503-63CD-0D20-1CBD7F8B5D67}.Release|Any CPU.Build.0 = Release|Any CPU
		{9D353FEE-42A7-1C18-C4D1-7B7730A5C41B}.Debug|Any CPU.ActiveCfg = Debug|Any CPU
		{9D353FEE-42A7-1C18-C4D1-7B7730A5C41B}.Debug|Any CPU.Build.0 = Debug|Any CPU
		{9D353FEE-42A7-1C18-C4D1-7B7730A5C41B}.Release|Any CPU.ActiveCfg = Release|Any CPU
		{9D353FEE-42A7-1C18-C4D1-7B7730A5C41B}.Release|Any CPU.Build.0 = Release|Any CPU
		{BD3C9452-8860-EA5B-5E7A-FEE7BD1B7330}.Debug|Any CPU.ActiveCfg = Debug|Any CPU
		{BD3C9452-8860-EA5B-5E7A-FEE7BD1B7330}.Debug|Any CPU.Build.0 = Debug|Any CPU
		{BD3C9452-8860-EA5B-5E7A-FEE7BD1B7330}.Release|Any CPU.ActiveCfg = Release|Any CPU
		{BD3C9452-8860-EA5B-5E7A-FEE7BD1B7330}.Release|Any CPU.Build.0 = Release|Any CPU
	EndGlobalSection
	GlobalSection(SolutionProperties) = preSolution
		HideSolutionNode = FALSE
	EndGlobalSection
EndGlobal
